<?xml version="1.0" encoding="utf-8"?>
<Project ToolsVersion="4.0" xmlns="http://schemas.microsoft.com/developer/msbuild/2003">
  <ItemGroup>
    <Filter Include="Source Files">
      <UniqueIdentifier>{29058b37-c178-48c3-a6a7-a6d191583c24}</UniqueIdentifier>
      <Extensions>cpp;c;cxx;rc;def;r;odl;idl;hpj;bat</Extensions>
    </Filter>
    <Filter Include="Header Files">
      <UniqueIdentifier>{e53526ef-96f3-45e0-b2fc-aa020b93cf4d}</UniqueIdentifier>
      <Extensions>h;hpp;hxx;hm;inl</Extensions>
    </Filter>
    <Filter Include="Generated MOC Files">
      <UniqueIdentifier>{2868f8ee-2eb1-49c5-ba54-1625b18eaa6d}</UniqueIdentifier>
      <Extensions>cpp;c;cxx;moc</Extensions>
    </Filter>
    <Filter Include="Generated Form Files">
      <UniqueIdentifier>{c4abbbe7-3f3b-4e70-a99b-a70d8c0a9579}</UniqueIdentifier>
      <Extensions>cpp;c;cxx;h;hpp;hxx;</Extensions>
    </Filter>
    <Filter Include="Forms">
      <UniqueIdentifier>{7e84b279-66af-4438-9255-02a26dc50089}</UniqueIdentifier>
      <Extensions>ui</Extensions>
      <ParseFiles>false</ParseFiles>
    </Filter>
    <Filter Include="Resources">
      <UniqueIdentifier>{9fe4a60b-e265-4da9-a72a-ea968fe47a42}</UniqueIdentifier>
    </Filter>
  </ItemGroup>
  <ItemGroup>
    <ClCompile Include="..\src\MDI\AFPacketGenerator.cpp">
      <Filter>Source Files</Filter>
    </ClCompile>
    <ClCompile Include="..\src\AMDemodulation.cpp">
      <Filter>Source Files</Filter>
    </ClCompile>
    <ClCompile Include="..\src\AMSSDemodulation.cpp">
      <Filter>Source Files</Filter>
    </ClCompile>
    <ClCompile Include="..\src\GUI-QT\AnalogDemDlg.cpp">
      <Filter>Source Files</Filter>
    </ClCompile>
    <ClCompile Include="..\src\sound\audiofilein.cpp">
      <Filter>Source Files</Filter>
    </ClCompile>
    <ClCompile Include="..\src\sourcedecoders\AudioSourceDecoder.cpp">
      <Filter>Source Files</Filter>
    </ClCompile>
    <ClCompile Include="..\src\sourcedecoders\AudioSourceEncoder.cpp">
      <Filter>Source Files</Filter>
    </ClCompile>
    <ClCompile Include="..\src\mlc\BitInterleaver.cpp">
      <Filter>Source Files</Filter>
    </ClCompile>
    <ClCompile Include="..\src\interleaver\BlockInterleaver.cpp">
      <Filter>Source Files</Filter>
    </ClCompile>
    <ClCompile Include="..\src\ofdmcellmapping\CellMappingTable.cpp">
      <Filter>Source Files</Filter>
    </ClCompile>
    <ClCompile Include="..\src\chanest\ChanEstTime.cpp">
      <Filter>Source Files</Filter>
    </ClCompile>
    <ClCompile Include="..\src\mlc\ChannelCode.cpp">
      <Filter>Source Files</Filter>
    </ClCompile>
    <ClCompile Include="..\src\chanest\ChannelEstimation.cpp">
      <Filter>Source Files</Filter>
    </ClCompile>
    <ClCompile Include="..\src\drmchannel\ChannelSimulation.cpp">
      <Filter>Source Files</Filter>
    </ClCompile>
    <ClCompile Include="..\src\mlc\ConvEncoder.cpp">
      <Filter>Source Files</Filter>
    </ClCompile>
    <ClCompile Include="..\src\util\CRC.cpp">
      <Filter>Source Files</Filter>
    </ClCompile>
    <ClCompile Include="..\src\datadecoding\journaline\crc_8_16.c">
      <Filter>Source Files</Filter>
    </ClCompile>
    <ClCompile Include="..\src\datadecoding\journaline\dabdgdec_impl.c">
      <Filter>Source Files</Filter>
    </ClCompile>
    <ClCompile Include="..\src\datadecoding\DABMOT.cpp">
      <Filter>Source Files</Filter>
    </ClCompile>
    <ClCompile Include="..\src\datadecoding\DataDecoder.cpp">
      <Filter>Source Files</Filter>
    </ClCompile>
    <ClCompile Include="..\src\datadecoding\DataEncoder.cpp">
      <Filter>Source Files</Filter>
    </ClCompile>
    <ClCompile Include="..\src\DataIO.cpp">
      <Filter>Source Files</Filter>
    </ClCompile>
    <ClCompile Include="..\src\GUI-QT\DialogUtil.cpp">
      <Filter>Source Files</Filter>
    </ClCompile>
    <ClCompile Include="..\src\GUI-QT\qt2\DRMPlot.cpp">
      <Filter>Source Files</Filter>
    </ClCompile>
    <ClCompile Include="..\src\DrmReceiver.cpp">
      <Filter>Source Files</Filter>
    </ClCompile>
    <ClCompile Include="..\src\DRMSignalIO.cpp">
      <Filter>Source Files</Filter>
    </ClCompile>
    <ClCompile Include="..\src\DrmSimulation.cpp">
      <Filter>Source Files</Filter>
    </ClCompile>
    <ClCompile Include="..\src\DrmTransmitter.cpp">
      <Filter>Source Files</Filter>
    </ClCompile>
    <ClCompile Include="..\src\mlc\EnergyDispersal.cpp">
      <Filter>Source Files</Filter>
    </ClCompile>
    <ClCompile Include="..\src\datadecoding\epg\EPG.cpp">
      <Filter>Source Files</Filter>
    </ClCompile>
    <ClCompile Include="..\src\datadecoding\epg\epgdec.cpp">
      <Filter>Source Files</Filter>
    </ClCompile>
    <ClCompile Include="..\src\GUI-QT\EPGDlg.cpp">
      <Filter>Source Files</Filter>
    </ClCompile>
    <ClCompile Include="..\src\datadecoding\epg\epgutil.cpp">
      <Filter>Source Files</Filter>
    </ClCompile>
    <ClCompile Include="..\src\datadecoding\Experiment.cpp">
      <Filter>Source Files</Filter>
    </ClCompile>
    <ClCompile Include="..\src\FAC\FAC.cpp">
      <Filter>Source Files</Filter>
    </ClCompile>
    <ClCompile Include="..\src\GUI-QT\fdrmdialog.cpp">
      <Filter>Source Files</Filter>
    </ClCompile>
    <ClCompile Include="..\src\GUI-QT\fmdialog.cpp">
      <Filter>Source Files</Filter>
    </ClCompile>
    <ClCompile Include="..\src\sync\FreqSyncAcq.cpp">
      <Filter>Source Files</Filter>
    </ClCompile>
    <ClCompile Include="..\src\GUI-QT\GeneralSettingsDlg.cpp">
      <Filter>Source Files</Filter>
    </ClCompile>
    <ClCompile Include="..\src\chanest\IdealChannelEstimation.cpp">
      <Filter>Source Files</Filter>
    </ClCompile>
    <ClCompile Include="..\src\InputResample.cpp">
      <Filter>Source Files</Filter>
    </ClCompile>
    <ClCompile Include="..\src\IQInputFilter.cpp">
      <Filter>Source Files</Filter>
    </ClCompile>
    <ClCompile Include="..\src\datadecoding\Journaline.cpp">
      <Filter>Source Files</Filter>
    </ClCompile>
    <ClCompile Include="..\src\GUI-QT\LiveScheduleDlg.cpp">
      <Filter>Source Files</Filter>
    </ClCompile>
    <ClCompile Include="..\src\datadecoding\journaline\log.c">
      <Filter>Source Files</Filter>
    </ClCompile>
    <ClCompile Include="..\src\GUI-QT\Logging.cpp">
      <Filter>Source Files</Filter>
    </ClCompile>
    <ClCompile Include="..\src\util\LogPrint.cpp">
      <Filter>Source Files</Filter>
    </ClCompile>
    <ClCompile Include="..\src\GUI-QT\main.cpp">
      <Filter>Source Files</Filter>
    </ClCompile>
    <ClCompile Include="..\src\matlib\MatlibSigProToolbox.cpp">
      <Filter>Source Files</Filter>
    </ClCompile>
    <ClCompile Include="..\src\matlib\MatlibStdToolbox.cpp">
      <Filter>Source Files</Filter>
    </ClCompile>
    <ClCompile Include="..\src\MDI\MDIDecode.cpp">
      <Filter>Source Files</Filter>
    </ClCompile>
    <ClCompile Include="..\src\MDI\MDIInBuffer.cpp">
      <Filter>Source Files</Filter>
    </ClCompile>
    <ClCompile Include="..\src\MDI\MDIRSCI.cpp">
      <Filter>Source Files</Filter>
    </ClCompile>
    <ClCompile Include="..\src\MDI\MDITagItemDecoders.cpp">
      <Filter>Source Files</Filter>
    </ClCompile>
    <ClCompile Include="..\src\MDI\MDITagItems.cpp">
      <Filter>Source Files</Filter>
    </ClCompile>
    <ClCompile Include="..\src\mlc\Metric.cpp">
      <Filter>Source Files</Filter>
    </ClCompile>
    <ClCompile Include="..\src\mlc\MLC.cpp">
      <Filter>Source Files</Filter>
    </ClCompile>
    <ClCompile Include="..\src\datadecoding\MOTSlideShow.cpp">
      <Filter>Source Files</Filter>
    </ClCompile>
    <ClCompile Include="..\src\MSCMultiplexer.cpp">
      <Filter>Source Files</Filter>
    </ClCompile>
    <ClCompile Include="..\src\GUI-QT\MultColorLED.cpp">
      <Filter>Source Files</Filter>
    </ClCompile>
    <ClCompile Include="..\src\GUI-QT\MultimediaDlg.cpp">
      <Filter>Source Files</Filter>
    </ClCompile>
    <ClCompile Include="..\src\GUI-QT\MultSettingsDlg.cpp">
      <Filter>Source Files</Filter>
    </ClCompile>
    <ClCompile Include="..\src\datadecoding\journaline\newsobject.cpp">
      <Filter>Source Files</Filter>
    </ClCompile>
    <ClCompile Include="..\src\datadecoding\journaline\newssvcdec_impl.cpp">
      <Filter>Source Files</Filter>
    </ClCompile>
    <ClCompile Include="..\src\datadecoding\journaline\NML.cpp">
      <Filter>Source Files</Filter>
    </ClCompile>
    <ClCompile Include="..\src\OFDM.cpp">
      <Filter>Source Files</Filter>
    </ClCompile>
    <ClCompile Include="..\src\ofdmcellmapping\OFDMCellMapping.cpp">
      <Filter>Source Files</Filter>
    </ClCompile>
    <ClCompile Include="..\src\windows\Pacer.cpp">
      <Filter>Source Files</Filter>
    </ClCompile>
    <ClCompile Include="..\src\MDI\PacketSinkFile.cpp">
      <Filter>Source Files</Filter>
    </ClCompile>
    <ClCompile Include="..\src\MDI\PacketSocketNull.cpp">
      <Filter>Source Files</Filter>
    </ClCompile>
    <ClCompile Include="..\src\MDI\PacketSocketQT.cpp">
      <Filter>Source Files</Filter>
    </ClCompile>
    <ClCompile Include="..\src\MDI\PacketSourceFile.cpp">
      <Filter>Source Files</Filter>
    </ClCompile>
    <ClCompile Include="..\src\Parameter.cpp">
      <Filter>Source Files</Filter>
    </ClCompile>
    <ClCompile Include="..\src\MDI\Pft.cpp">
      <Filter>Source Files</Filter>
    </ClCompile>
    <ClCompile Include="..\src\PlotManager.cpp">
      <Filter>Source Files</Filter>
    </ClCompile>
    <ClCompile Include="..\src\mlc\QAMMapping.cpp">
      <Filter>Source Files</Filter>
    </ClCompile>
    <ClCompile Include="..\src\MDI\RCITagItems.cpp">
      <Filter>Source Files</Filter>
    </ClCompile>
    <ClCompile Include="..\src\util\Reassemble.cpp">
      <Filter>Source Files</Filter>
    </ClCompile>
    <ClCompile Include="..\src\ReceptLog.cpp">
      <Filter>Source Files</Filter>
    </ClCompile>
    <ClCompile Include="..\src\resample\Resample.cpp">
      <Filter>Source Files</Filter>
    </ClCompile>
    <ClCompile Include="..\src\resample\ResampleFilter.cpp">
      <Filter>Source Files</Filter>
    </ClCompile>
    <ClCompile Include="..\src\GUI-QT\Rig.cpp">
      <Filter>Source Files</Filter>
    </ClCompile>
    <ClCompile Include="..\src\MDI\RSCITagItemDecoders.cpp">
      <Filter>Source Files</Filter>
    </ClCompile>
    <ClCompile Include="..\src\MDI\RSISubscriber.cpp">
      <Filter>Source Files</Filter>
    </ClCompile>
    <ClCompile Include="..\src\Scheduler.cpp">
      <Filter>Source Files</Filter>
    </ClCompile>
    <ClCompile Include="..\src\SDC\SDCReceive.cpp">
      <Filter>Source Files</Filter>
    </ClCompile>
    <ClCompile Include="..\src\SDC\SDCTransmit.cpp">
      <Filter>Source Files</Filter>
    </ClCompile>
    <ClCompile Include="..\src\ServiceInformation.cpp">
      <Filter>Source Files</Filter>
    </ClCompile>
    <ClCompile Include="..\src\util\Settings.cpp">
      <Filter>Source Files</Filter>
    </ClCompile>
    <ClCompile Include="..\src\SimulationParameters.cpp">
      <Filter>Source Files</Filter>
    </ClCompile>
    <ClCompile Include="..\src\windows\Sound.cpp">
      <Filter>Source Files</Filter>
    </ClCompile>
    <ClCompile Include="..\src\datadecoding\journaline\Splitter.cpp">
      <Filter>Source Files</Filter>
    </ClCompile>
    <ClCompile Include="..\src\GUI-QT\StationsDlg.cpp">
      <Filter>Source Files</Filter>
    </ClCompile>
    <ClCompile Include="..\src\interleaver\SymbolInterleaver.cpp">
      <Filter>Source Files</Filter>
    </ClCompile>
    <ClCompile Include="..\src\sync\SyncUsingPil.cpp">
      <Filter>Source Files</Filter>
    </ClCompile>
    <ClCompile Include="..\src\GUI-QT\systemevalDlg.cpp">
      <Filter>Source Files</Filter>
    </ClCompile>
    <ClCompile Include="..\src\tables\TableCarMap.cpp">
      <Filter>Source Files</Filter>
    </ClCompile>
    <ClCompile Include="..\src\tables\TableFAC.cpp">
      <Filter>Source Files</Filter>
    </ClCompile>
    <ClCompile Include="..\src\tables\TableStations.cpp">
      <Filter>Source Files</Filter>
    </ClCompile>
    <ClCompile Include="..\src\MDI\TagPacketDecoder.cpp">
      <Filter>Source Files</Filter>
    </ClCompile>
    <ClCompile Include="..\src\MDI\TagPacketDecoderMDI.cpp">
      <Filter>Source Files</Filter>
    </ClCompile>
    <ClCompile Include="..\src\MDI\TagPacketDecoderRSCIControl.cpp">
      <Filter>Source Files</Filter>
    </ClCompile>
    <ClCompile Include="..\src\MDI\TagPacketGenerator.cpp">
      <Filter>Source Files</Filter>
    </ClCompile>
    <ClCompile Include="..\src\TextMessage.cpp">
      <Filter>Source Files</Filter>
    </ClCompile>
    <ClCompile Include="..\src\chanest\TimeLinear.cpp">
      <Filter>Source Files</Filter>
    </ClCompile>
    <ClCompile Include="..\src\sync\TimeSync.cpp">
      <Filter>Source Files</Filter>
    </ClCompile>
    <ClCompile Include="..\src\sync\TimeSyncFilter.cpp">
      <Filter>Source Files</Filter>
    </ClCompile>
    <ClCompile Include="..\src\sync\TimeSyncTrack.cpp">
      <Filter>Source Files</Filter>
    </ClCompile>
    <ClCompile Include="..\src\chanest\TimeWiener.cpp">
      <Filter>Source Files</Filter>
    </ClCompile>
    <ClCompile Include="..\src\GUI-QT\TransmDlg.cpp">
      <Filter>Source Files</Filter>
    </ClCompile>
    <ClCompile Include="..\src\mlc\TrellisUpdateMMX.cpp">
      <Filter>Source Files</Filter>
    </ClCompile>
    <ClCompile Include="..\src\mlc\TrellisUpdateSSE2.cpp">
      <Filter>Source Files</Filter>
    </ClCompile>
    <ClCompile Include="..\src\util\Utilities.cpp">
      <Filter>Source Files</Filter>
    </ClCompile>
    <ClCompile Include="..\src\Version.cpp">
      <Filter>Source Files</Filter>
    </ClCompile>
    <ClCompile Include="..\src\mlc\ViterbiDecoder.cpp">
      <Filter>Source Files</Filter>
    </ClCompile>
    <ClCompile Include="moc\moc_AboutDlgbase.cpp">
      <Filter>Generated MOC Files</Filter>
    </ClCompile>
    <ClCompile Include="moc\moc_AMSSDlgbase.cpp">
      <Filter>Generated MOC Files</Filter>
    </ClCompile>
    <ClCompile Include="moc\moc_AnalogDemDlg.cpp">
      <Filter>Generated MOC Files</Filter>
    </ClCompile>
    <ClCompile Include="moc\moc_AnalogDemDlgbase.cpp">
      <Filter>Generated MOC Files</Filter>
    </ClCompile>
    <ClCompile Include="moc\moc_DialogUtil.cpp">
      <Filter>Generated MOC Files</Filter>
    </ClCompile>
    <ClCompile Include="moc\moc_DRMPlot.cpp">
      <Filter>Generated MOC Files</Filter>
    </ClCompile>
    <ClCompile Include="moc\moc_EPGDlg.cpp">
      <Filter>Generated MOC Files</Filter>
    </ClCompile>
    <ClCompile Include="moc\moc_EPGDlgbase.cpp">
      <Filter>Generated MOC Files</Filter>
    </ClCompile>
    <ClCompile Include="moc\moc_fdrmdialog.cpp">
      <Filter>Generated MOC Files</Filter>
    </ClCompile>
    <ClCompile Include="moc\moc_fdrmdialogbase.cpp">
      <Filter>Generated MOC Files</Filter>
    </ClCompile>
    <ClCompile Include="moc\moc_fmdialog.cpp">
      <Filter>Generated MOC Files</Filter>
    </ClCompile>
    <ClCompile Include="moc\moc_fmdialogbase.cpp">
      <Filter>Generated MOC Files</Filter>
    </ClCompile>
    <ClCompile Include="moc\moc_GeneralSettingsDlg.cpp">
      <Filter>Generated MOC Files</Filter>
    </ClCompile>
    <ClCompile Include="moc\moc_GeneralSettingsDlgbase.cpp">
      <Filter>Generated MOC Files</Filter>
    </ClCompile>
    <ClCompile Include="moc\moc_LiveScheduleDlg.cpp">
      <Filter>Generated MOC Files</Filter>
    </ClCompile>
    <ClCompile Include="moc\moc_LiveScheduleDlgbase.cpp">
      <Filter>Generated MOC Files</Filter>
    </ClCompile>
    <ClCompile Include="moc\moc_Logging.cpp">
      <Filter>Generated MOC Files</Filter>
    </ClCompile>
    <ClCompile Include="moc\moc_MultColorLED.cpp">
      <Filter>Generated MOC Files</Filter>
    </ClCompile>
    <ClCompile Include="moc\moc_MultimediaDlg.cpp">
      <Filter>Generated MOC Files</Filter>
    </ClCompile>
    <ClCompile Include="moc\moc_MultimediaDlgbase.cpp">
      <Filter>Generated MOC Files</Filter>
    </ClCompile>
    <ClCompile Include="moc\moc_MultSettingsDlg.cpp">
      <Filter>Generated MOC Files</Filter>
    </ClCompile>
    <ClCompile Include="moc\moc_MultSettingsDlgbase.cpp">
      <Filter>Generated MOC Files</Filter>
    </ClCompile>
    <ClCompile Include="moc\moc_PacketSocketQT.cpp">
      <Filter>Generated MOC Files</Filter>
    </ClCompile>
    <ClCompile Include="moc\moc_Rig.cpp">
      <Filter>Generated MOC Files</Filter>
    </ClCompile>
    <ClCompile Include="moc\moc_StationsDlg.cpp">
      <Filter>Generated MOC Files</Filter>
    </ClCompile>
    <ClCompile Include="moc\moc_StationsDlgbase.cpp">
      <Filter>Generated MOC Files</Filter>
    </ClCompile>
    <ClCompile Include="moc\moc_systemevalDlg.cpp">
      <Filter>Generated MOC Files</Filter>
    </ClCompile>
    <ClCompile Include="moc\moc_systemevalDlgbase.cpp">
      <Filter>Generated MOC Files</Filter>
    </ClCompile>
    <ClCompile Include="moc\moc_TransmDlg.cpp">
      <Filter>Generated MOC Files</Filter>
    </ClCompile>
    <ClCompile Include="moc\moc_TransmDlgbase.cpp">
      <Filter>Generated MOC Files</Filter>
    </ClCompile>
    <ClCompile Include="moc\AboutDlgbase.cpp">
      <Filter>Generated Form Files</Filter>
    </ClCompile>
    <ClCompile Include="moc\AMSSDlgbase.cpp">
      <Filter>Generated Form Files</Filter>
    </ClCompile>
    <ClCompile Include="moc\AnalogDemDlgbase.cpp">
      <Filter>Generated Form Files</Filter>
    </ClCompile>
    <ClCompile Include="moc\EPGDlgbase.cpp">
      <Filter>Generated Form Files</Filter>
    </ClCompile>
    <ClCompile Include="moc\fdrmdialogbase.cpp">
      <Filter>Generated Form Files</Filter>
    </ClCompile>
    <ClCompile Include="moc\fmdialogbase.cpp">
      <Filter>Generated Form Files</Filter>
    </ClCompile>
    <ClCompile Include="moc\GeneralSettingsDlgbase.cpp">
      <Filter>Generated Form Files</Filter>
    </ClCompile>
    <ClCompile Include="moc\LiveScheduleDlgbase.cpp">
      <Filter>Generated Form Files</Filter>
    </ClCompile>
    <ClCompile Include="moc\MultimediaDlgbase.cpp">
      <Filter>Generated Form Files</Filter>
    </ClCompile>
    <ClCompile Include="moc\MultSettingsDlgbase.cpp">
      <Filter>Generated Form Files</Filter>
    </ClCompile>
    <ClCompile Include="moc\StationsDlgbase.cpp">
      <Filter>Generated Form Files</Filter>
    </ClCompile>
    <ClCompile Include="moc\systemevalDlgbase.cpp">
      <Filter>Generated Form Files</Filter>
    </ClCompile>
    <ClCompile Include="moc\TransmDlgbase.cpp">
      <Filter>Generated Form Files</Filter>
    </ClCompile>
  </ItemGroup>
  <ItemGroup>
    <ClInclude Include="..\src\MDI\AFPacketGenerator.h">
      <Filter>Header Files</Filter>
    </ClInclude>
    <ClInclude Include="..\src\AMDemodulation.h">
      <Filter>Header Files</Filter>
    </ClInclude>
    <ClInclude Include="..\src\AMSSDemodulation.h">
      <Filter>Header Files</Filter>
    </ClInclude>
    <ClInclude Include="..\src\util\AudioFile.h">
      <Filter>Header Files</Filter>
    </ClInclude>
    <ClInclude Include="..\src\sound\audiofilein.h">
      <Filter>Header Files</Filter>
    </ClInclude>
    <ClInclude Include="..\src\sourcedecoders\AudioSourceDecoder.h">
      <Filter>Header Files</Filter>
    </ClInclude>
    <ClInclude Include="..\src\sourcedecoders\AudioSourceEncoder.h">
      <Filter>Header Files</Filter>
    </ClInclude>
    <ClInclude Include="..\src\mlc\BitInterleaver.h">
      <Filter>Header Files</Filter>
    </ClInclude>
    <ClInclude Include="..\src\interleaver\BlockInterleaver.h">
      <Filter>Header Files</Filter>
    </ClInclude>
    <ClInclude Include="..\src\util\Buffer.h">
      <Filter>Header Files</Filter>
    </ClInclude>
    <ClInclude Include="..\src\ofdmcellmapping\CellMappingTable.h">
      <Filter>Header Files</Filter>
    </ClInclude>
    <ClInclude Include="..\src\chanest\ChanEstTime.h">
      <Filter>Header Files</Filter>
    </ClInclude>
    <ClInclude Include="..\src\mlc\ChannelCode.h">
      <Filter>Header Files</Filter>
    </ClInclude>
    <ClInclude Include="..\src\chanest\ChannelEstimation.h">
      <Filter>Header Files</Filter>
    </ClInclude>
    <ClInclude Include="..\src\drmchannel\ChannelSimulation.h">
      <Filter>Header Files</Filter>
    </ClInclude>
    <ClInclude Include="..\src\mlc\ConvEncoder.h">
      <Filter>Header Files</Filter>
    </ClInclude>
    <ClInclude Include="..\src\datadecoding\journaline\cpplog.h">
      <Filter>Header Files</Filter>
    </ClInclude>
    <ClInclude Include="..\src\util\CRC.h">
      <Filter>Header Files</Filter>
    </ClInclude>
    <ClInclude Include="..\src\datadecoding\journaline\crc_8_16.h">
      <Filter>Header Files</Filter>
    </ClInclude>
    <ClInclude Include="..\src\datadecoding\journaline\dabdatagroupdecoder.h">
      <Filter>Header Files</Filter>
    </ClInclude>
    <ClInclude Include="..\src\datadecoding\journaline\dabdgdec_impl.h">
      <Filter>Header Files</Filter>
    </ClInclude>
    <ClInclude Include="..\src\datadecoding\DABMOT.h">
      <Filter>Header Files</Filter>
    </ClInclude>
    <ClInclude Include="..\src\datadecoding\DataDecoder.h">
      <Filter>Header Files</Filter>
    </ClInclude>
    <ClInclude Include="..\src\datadecoding\DataEncoder.h">
      <Filter>Header Files</Filter>
    </ClInclude>
    <ClInclude Include="..\src\DataIO.h">
      <Filter>Header Files</Filter>
    </ClInclude>
    <ClInclude Include="..\src\DrmReceiver.h">
      <Filter>Header Files</Filter>
    </ClInclude>
    <ClInclude Include="..\src\DRMSignalIO.h">
      <Filter>Header Files</Filter>
    </ClInclude>
    <ClInclude Include="..\src\DrmSimulation.h">
      <Filter>Header Files</Filter>
    </ClInclude>
    <ClInclude Include="..\src\DrmTransmitter.h">
      <Filter>Header Files</Filter>
    </ClInclude>
    <ClInclude Include="..\src\mlc\EnergyDispersal.h">
      <Filter>Header Files</Filter>
    </ClInclude>
    <ClInclude Include="..\src\datadecoding\epg\EPG.h">
      <Filter>Header Files</Filter>
    </ClInclude>
    <ClInclude Include="..\src\datadecoding\epg\epgdec.h">
      <Filter>Header Files</Filter>
    </ClInclude>
    <ClInclude Include="..\src\datadecoding\epg\epgutil.h">
      <Filter>Header Files</Filter>
    </ClInclude>
    <ClInclude Include="..\src\datadecoding\Experiment.h">
      <Filter>Header Files</Filter>
    </ClInclude>
    <ClInclude Include="..\src\FAC\FAC.h">
      <Filter>Header Files</Filter>
    </ClInclude>
    <ClInclude Include="..\src\sync\FreqSyncAcq.h">
      <Filter>Header Files</Filter>
    </ClInclude>
    <ClInclude Include="..\src\GlobalDefinitions.h">
      <Filter>Header Files</Filter>
    </ClInclude>
    <ClInclude Include="..\src\chanest\IdealChannelEstimation.h">
      <Filter>Header Files</Filter>
    </ClInclude>
    <ClInclude Include="..\src\InputResample.h">
      <Filter>Header Files</Filter>
    </ClInclude>
    <ClInclude Include="..\src\IQInputFilter.h">
      <Filter>Header Files</Filter>
    </ClInclude>
    <ClInclude Include="..\src\datadecoding\Journaline.h">
      <Filter>Header Files</Filter>
    </ClInclude>
    <ClInclude Include="..\src\datadecoding\journaline\log.h">
      <Filter>Header Files</Filter>
    </ClInclude>
    <ClInclude Include="..\src\util\LogPrint.h">
      <Filter>Header Files</Filter>
    </ClInclude>
    <ClInclude Include="..\src\matlib\Matlib.h">
      <Filter>Header Files</Filter>
    </ClInclude>
    <ClInclude Include="..\src\matlib\MatlibSigProToolbox.h">
      <Filter>Header Files</Filter>
    </ClInclude>
    <ClInclude Include="..\src\matlib\MatlibStdToolbox.h">
      <Filter>Header Files</Filter>
    </ClInclude>
    <ClInclude Include="..\src\MDI\MDIDecode.h">
      <Filter>Header Files</Filter>
    </ClInclude>
    <ClInclude Include="..\src\MDI\MDIDefinitions.h">
      <Filter>Header Files</Filter>
    </ClInclude>
    <ClInclude Include="..\src\MDI\MDIInBuffer.h">
      <Filter>Header Files</Filter>
    </ClInclude>
    <ClInclude Include="..\src\MDI\MDIRSCI.h">
      <Filter>Header Files</Filter>
    </ClInclude>
    <ClInclude Include="..\src\MDI\MDITagItemDecoders.h">
      <Filter>Header Files</Filter>
    </ClInclude>
    <ClInclude Include="..\src\MDI\MDITagItems.h">
      <Filter>Header Files</Filter>
    </ClInclude>
    <ClInclude Include="..\src\mlc\Metric.h">
      <Filter>Header Files</Filter>
    </ClInclude>
    <ClInclude Include="..\src\mlc\MLC.h">
      <Filter>Header Files</Filter>
    </ClInclude>
    <ClInclude Include="..\src\util\Modul.h">
      <Filter>Header Files</Filter>
    </ClInclude>
    <ClInclude Include="..\src\datadecoding\MOTSlideShow.h">
      <Filter>Header Files</Filter>
    </ClInclude>
    <ClInclude Include="..\src\MSCMultiplexer.h">
      <Filter>Header Files</Filter>
    </ClInclude>
    <ClInclude Include="..\src\datadecoding\journaline\newsobject.h">
      <Filter>Header Files</Filter>
    </ClInclude>
    <ClInclude Include="..\src\datadecoding\journaline\newssvcdec.h">
      <Filter>Header Files</Filter>
    </ClInclude>
    <ClInclude Include="..\src\datadecoding\journaline\newssvcdec_impl.h">
      <Filter>Header Files</Filter>
    </ClInclude>
    <ClInclude Include="..\src\datadecoding\journaline\NML.h">
      <Filter>Header Files</Filter>
    </ClInclude>
    <ClInclude Include="..\src\OFDM.h">
      <Filter>Header Files</Filter>
    </ClInclude>
    <ClInclude Include="..\src\ofdmcellmapping\OFDMCellMapping.h">
      <Filter>Header Files</Filter>
    </ClInclude>
    <ClInclude Include="..\src\util\Pacer.h">
      <Filter>Header Files</Filter>
    </ClInclude>
    <ClInclude Include="..\src\MDI\PacketInOut.h">
      <Filter>Header Files</Filter>
    </ClInclude>
    <ClInclude Include="..\src\MDI\PacketSinkFile.h">
      <Filter>Header Files</Filter>
    </ClInclude>
    <ClInclude Include="..\src\MDI\PacketSocketNull.h">
      <Filter>Header Files</Filter>
    </ClInclude>
    <ClInclude Include="..\src\Parameter.h">
      <Filter>Header Files</Filter>
    </ClInclude>
    <ClInclude Include="..\src\MDI\Pft.h">
      <Filter>Header Files</Filter>
    </ClInclude>
    <ClInclude Include="..\src\PlotManager.h">
      <Filter>Header Files</Filter>
    </ClInclude>
    <ClInclude Include="..\src\mlc\QAMMapping.h">
      <Filter>Header Files</Filter>
    </ClInclude>
    <ClInclude Include="..\src\MDI\RCITagItems.h">
      <Filter>Header Files</Filter>
    </ClInclude>
    <ClInclude Include="..\src\util\Reassemble.h">
      <Filter>Header Files</Filter>
    </ClInclude>
    <ClInclude Include="..\src\ReceptLog.h">
      <Filter>Header Files</Filter>
    </ClInclude>
    <ClInclude Include="..\src\resample\Resample.h">
      <Filter>Header Files</Filter>
    </ClInclude>
    <ClInclude Include="..\src\resample\ResampleFilter.h">
      <Filter>Header Files</Filter>
    </ClInclude>
    <ClInclude Include="..\src\MDI\RSCITagItemDecoders.h">
      <Filter>Header Files</Filter>
    </ClInclude>
    <ClInclude Include="..\src\MDI\RSISubscriber.h">
      <Filter>Header Files</Filter>
    </ClInclude>
    <ClInclude Include="..\src\Scheduler.h">
      <Filter>Header Files</Filter>
    </ClInclude>
    <ClInclude Include="..\src\SDC\SDC.h">
      <Filter>Header Files</Filter>
    </ClInclude>
    <ClInclude Include="..\src\selectioninterface.h">
      <Filter>Header Files</Filter>
    </ClInclude>
    <ClInclude Include="..\src\ServiceInformation.h">
      <Filter>Header Files</Filter>
    </ClInclude>
    <ClInclude Include="..\src\util\Settings.h">
      <Filter>Header Files</Filter>
    </ClInclude>
    <ClInclude Include="..\src\sound.h">
      <Filter>Header Files</Filter>
    </ClInclude>
    <ClInclude Include="..\src\windows\Sound.h">
      <Filter>Header Files</Filter>
    </ClInclude>
    <ClInclude Include="..\src\soundinterface.h">
      <Filter>Header Files</Filter>
    </ClInclude>
    <ClInclude Include="..\src\sound\soundnull.h">
      <Filter>Header Files</Filter>
    </ClInclude>
    <ClInclude Include="..\src\windows\SoundWin.h">
      <Filter>Header Files</Filter>
    </ClInclude>
    <ClInclude Include="..\src\datadecoding\journaline\Splitter.h">
      <Filter>Header Files</Filter>
    </ClInclude>
    <ClInclude Include="..\src\interleaver\SymbolInterleaver.h">
      <Filter>Header Files</Filter>
    </ClInclude>
    <ClInclude Include="..\src\sync\SyncUsingPil.h">
      <Filter>Header Files</Filter>
    </ClInclude>
    <ClInclude Include="..\src\tables\TableAMSS.h">
      <Filter>Header Files</Filter>
    </ClInclude>
    <ClInclude Include="..\src\tables\TableCarMap.h">
      <Filter>Header Files</Filter>
    </ClInclude>
    <ClInclude Include="..\src\tables\TableDRMGlobal.h">
      <Filter>Header Files</Filter>
    </ClInclude>
    <ClInclude Include="..\src\tables\TableFAC.h">
      <Filter>Header Files</Filter>
    </ClInclude>
    <ClInclude Include="..\src\tables\TableMLC.h">
      <Filter>Header Files</Filter>
    </ClInclude>
    <ClInclude Include="..\src\tables\TableQAMMapping.h">
      <Filter>Header Files</Filter>
    </ClInclude>
    <ClInclude Include="..\src\tables\TableStations.h">
      <Filter>Header Files</Filter>
    </ClInclude>
    <ClInclude Include="..\src\MDI\TagItemDecoder.h">
      <Filter>Header Files</Filter>
    </ClInclude>
    <ClInclude Include="..\src\MDI\TagPacketDecoder.h">
      <Filter>Header Files</Filter>
    </ClInclude>
    <ClInclude Include="..\src\MDI\TagPacketDecoderMDI.h">
      <Filter>Header Files</Filter>
    </ClInclude>
    <ClInclude Include="..\src\MDI\TagPacketDecoderRSCIControl.h">
      <Filter>Header Files</Filter>
    </ClInclude>
    <ClInclude Include="..\src\MDI\TagPacketGenerator.h">
      <Filter>Header Files</Filter>
    </ClInclude>
    <ClInclude Include="..\src\TextMessage.h">
      <Filter>Header Files</Filter>
    </ClInclude>
    <ClInclude Include="..\src\chanest\TimeLinear.h">
      <Filter>Header Files</Filter>
    </ClInclude>
    <ClInclude Include="..\src\sync\TimeSync.h">
      <Filter>Header Files</Filter>
    </ClInclude>
    <ClInclude Include="..\src\sync\TimeSyncFilter.h">
      <Filter>Header Files</Filter>
    </ClInclude>
    <ClInclude Include="..\src\sync\TimeSyncTrack.h">
      <Filter>Header Files</Filter>
    </ClInclude>
    <ClInclude Include="..\src\chanest\TimeWiener.h">
      <Filter>Header Files</Filter>
    </ClInclude>
    <ClInclude Include="..\src\util\Utilities.h">
      <Filter>Header Files</Filter>
    </ClInclude>
    <ClInclude Include="..\src\util\Vector.h">
      <Filter>Header Files</Filter>
    </ClInclude>
    <ClInclude Include="..\src\Version.h">
      <Filter>Header Files</Filter>
    </ClInclude>
    <ClInclude Include="..\src\mlc\ViterbiDecoder.h">
      <Filter>Header Files</Filter>
    </ClInclude>
    <ClInclude Include="moc\AboutDlgbase.h">
      <Filter>Generated Form Files</Filter>
    </ClInclude>
    <ClInclude Include="moc\AMSSDlgbase.h">
      <Filter>Generated Form Files</Filter>
    </ClInclude>
    <ClInclude Include="moc\AnalogDemDlgbase.h">
      <Filter>Generated Form Files</Filter>
    </ClInclude>
    <ClInclude Include="moc\EPGDlgbase.h">
      <Filter>Generated Form Files</Filter>
    </ClInclude>
    <ClInclude Include="moc\fdrmdialogbase.h">
      <Filter>Generated Form Files</Filter>
    </ClInclude>
    <ClInclude Include="moc\fmdialogbase.h">
      <Filter>Generated Form Files</Filter>
    </ClInclude>
    <ClInclude Include="moc\GeneralSettingsDlgbase.h">
      <Filter>Generated Form Files</Filter>
    </ClInclude>
    <ClInclude Include="moc\LiveScheduleDlgbase.h">
      <Filter>Generated Form Files</Filter>
    </ClInclude>
    <ClInclude Include="moc\MultimediaDlgbase.h">
      <Filter>Generated Form Files</Filter>
    </ClInclude>
    <ClInclude Include="moc\MultSettingsDlgbase.h">
      <Filter>Generated Form Files</Filter>
    </ClInclude>
    <ClInclude Include="moc\StationsDlgbase.h">
      <Filter>Generated Form Files</Filter>
    </ClInclude>
    <ClInclude Include="moc\systemevalDlgbase.h">
      <Filter>Generated Form Files</Filter>
    </ClInclude>
    <ClInclude Include="moc\TransmDlgbase.h">
      <Filter>Generated Form Files</Filter>
    </ClInclude>
  </ItemGroup>
  <ItemGroup>
    <ResourceCompile Include="dream.rc">
      <Filter>Resources</Filter>
    </ResourceCompile>
  </ItemGroup>
  <ItemGroup>
    <CustomBuild Include="..\src\GUI-QT\AnalogDemDlg.h">
      <Filter>Header Files</Filter>
    </CustomBuild>
    <CustomBuild Include="..\src\GUI-QT\DialogUtil.h">
      <Filter>Header Files</Filter>
    </CustomBuild>
    <CustomBuild Include="..\src\GUI-QT\qt2\DRMPlot.h">
      <Filter>Header Files</Filter>
    </CustomBuild>
    <CustomBuild Include="..\src\GUI-QT\EPGDlg.h">
      <Filter>Header Files</Filter>
    </CustomBuild>
    <CustomBuild Include="..\src\GUI-QT\fdrmdialog.h">
      <Filter>Header Files</Filter>
    </CustomBuild>
    <CustomBuild Include="..\src\GUI-QT\fmdialog.h">
      <Filter>Header Files</Filter>
    </CustomBuild>
    <CustomBuild Include="..\src\GUI-QT\GeneralSettingsDlg.h">
      <Filter>Header Files</Filter>
    </CustomBuild>
    <CustomBuild Include="..\src\GUI-QT\LiveScheduleDlg.h">
      <Filter>Header Files</Filter>
    </CustomBuild>
    <CustomBuild Include="..\src\GUI-QT\Logging.h">
      <Filter>Header Files</Filter>
    </CustomBuild>
    <CustomBuild Include="..\src\GUI-QT\MultColorLED.h">
      <Filter>Header Files</Filter>
    </CustomBuild>
    <CustomBuild Include="..\src\GUI-QT\MultimediaDlg.h">
      <Filter>Header Files</Filter>
    </CustomBuild>
    <CustomBuild Include="..\src\GUI-QT\MultSettingsDlg.h">
      <Filter>Header Files</Filter>
    </CustomBuild>
    <CustomBuild Include="..\src\MDI\PacketSocketQT.h">
      <Filter>Header Files</Filter>
    </CustomBuild>
    <CustomBuild Include="..\src\GUI-QT\Rig.h">
      <Filter>Header Files</Filter>
    </CustomBuild>
    <CustomBuild Include="..\src\GUI-QT\StationsDlg.h">
      <Filter>Header Files</Filter>
    </CustomBuild>
    <CustomBuild Include="..\src\GUI-QT\systemevalDlg.h">
      <Filter>Header Files</Filter>
    </CustomBuild>
    <CustomBuild Include="..\src\GUI-QT\TransmDlg.h">
      <Filter>Header Files</Filter>
    </CustomBuild>
    <CustomBuild Include="..\src\GUI-QT\qt2\AboutDlgbase.ui">
      <Filter>Forms</Filter>
    </CustomBuild>
    <CustomBuild Include="..\src\GUI-QT\qt2\AMSSDlgbase.ui">
      <Filter>Forms</Filter>
    </CustomBuild>
    <CustomBuild Include="..\src\GUI-QT\qt2\AnalogDemDlgbase.ui">
      <Filter>Forms</Filter>
    </CustomBuild>
    <CustomBuild Include="..\src\GUI-QT\qt2\EPGDlgbase.ui">
      <Filter>Forms</Filter>
    </CustomBuild>
    <CustomBuild Include="..\src\GUI-QT\qt2\fdrmdialogbase.ui">
      <Filter>Forms</Filter>
    </CustomBuild>
    <CustomBuild Include="..\src\GUI-QT\qt2\fmdialogbase.ui">
      <Filter>Forms</Filter>
    </CustomBuild>
    <CustomBuild Include="..\src\GUI-QT\qt2\GeneralSettingsDlgbase.ui">
      <Filter>Forms</Filter>
    </CustomBuild>
    <CustomBuild Include="..\src\GUI-QT\qt2\LiveScheduleDlgbase.ui">
      <Filter>Forms</Filter>
    </CustomBuild>
    <CustomBuild Include="..\src\GUI-QT\qt2\MultimediaDlgbase.ui">
      <Filter>Forms</Filter>
    </CustomBuild>
    <CustomBuild Include="..\src\GUI-QT\qt2\MultSettingsDlgbase.ui">
      <Filter>Forms</Filter>
    </CustomBuild>
    <CustomBuild Include="..\src\GUI-QT\qt2\StationsDlgbase.ui">
      <Filter>Forms</Filter>
    </CustomBuild>
    <CustomBuild Include="..\src\GUI-QT\qt2\systemevalDlgbase.ui">
      <Filter>Forms</Filter>
    </CustomBuild>
    <CustomBuild Include="..\src\GUI-QT\qt2\TransmDlgbase.ui">
      <Filter>Forms</Filter>
    </CustomBuild>
  </ItemGroup>
</Project>