<?xml version="1.0" encoding="utf-8"?>
<Project ToolsVersion="4.0" xmlns="http://schemas.microsoft.com/developer/msbuild/2003">
  <ItemGroup>
    <Filter Include="Header Files">
      <UniqueIdentifier>{93995380-89BD-4b04-88EB-625FBE52EBFB}</UniqueIdentifier>
      <Extensions>h;hpp;hxx;hm;inl;inc;xsd</Extensions>
    </Filter>
    <Filter Include="Header Files\kiss_fft">
      <UniqueIdentifier>{97b9069d-a82f-4a6a-b987-b64f1f8ff6ba}</UniqueIdentifier>
    </Filter>
    <Filter Include="Source Files">
      <UniqueIdentifier>{4FC737F1-C7A5-4376-A066-2A32D752A2FF}</UniqueIdentifier>
      <Extensions>cpp;c;cc;cxx;def;odl;idl;hpj;bat;asm;asmx</Extensions>
    </Filter>
    <Filter Include="Source Files\kiss_fft">
      <UniqueIdentifier>{21ff37b4-36d1-4da5-a9e3-4c5a7516e2ea}</UniqueIdentifier>
    </Filter>
  </ItemGroup>
  <ItemGroup>
    <ClInclude Include="..\..\faac\libfaac\aacquant.h">
      <Filter>Header Files</Filter>
    </ClInclude>
    <ClInclude Include="..\..\faac\libfaac\backpred.h">
      <Filter>Header Files</Filter>
    </ClInclude>
    <ClInclude Include="..\..\faac\libfaac\bitstream.h">
      <Filter>Header Files</Filter>
    </ClInclude>
    <ClInclude Include="..\..\faac\libfaac\channels.h">
      <Filter>Header Files</Filter>
    </ClInclude>
    <ClInclude Include="..\..\faac\libfaac\coder.h">
      <Filter>Header Files</Filter>
    </ClInclude>
    <ClInclude Include="..\..\faac\include\faac.h">
      <Filter>Header Files</Filter>
    </ClInclude>
    <ClInclude Include="..\..\faac\include\faaccfg.h">
      <Filter>Header Files</Filter>
    </ClInclude>
    <ClInclude Include="..\..\faac\libfaac\fft.h">
      <Filter>Header Files</Filter>
    </ClInclude>
    <ClInclude Include="..\..\faac\libfaac\filtbank.h">
      <Filter>Header Files</Filter>
    </ClInclude>
    <ClInclude Include="..\..\faac\libfaac\frame.h">
      <Filter>Header Files</Filter>
    </ClInclude>
    <ClInclude Include="..\..\faac\libfaac\huffman.h">
      <Filter>Header Files</Filter>
    </ClInclude>
    <ClInclude Include="..\..\faac\libfaac\hufftab.h">
      <Filter>Header Files</Filter>
    </ClInclude>
    <ClInclude Include="..\..\faac\libfaac\ltp.h">
      <Filter>Header Files</Filter>
    </ClInclude>
    <ClInclude Include="..\..\faac\libfaac\midside.h">
      <Filter>Header Files</Filter>
    </ClInclude>
    <ClInclude Include="..\..\faac\libfaac\psych.h">
      <Filter>Header Files</Filter>
    </ClInclude>
    <ClInclude Include="..\..\faac\libfaac\tns.h">
      <Filter>Header Files</Filter>
    </ClInclude>
    <ClInclude Include="..\..\faac\libfaac\util.h">
      <Filter>Header Files</Filter>
    </ClInclude>
    <ClInclude Include="..\..\faac\libfaac\version.h">
      <Filter>Header Files</Filter>
    </ClInclude>
    <ClInclude Include="..\..\faac\libfaac\kiss_fft\_kiss_fft_guts.h">
      <Filter>Header Files\kiss_fft</Filter>
    </ClInclude>
    <ClInclude Include="..\..\faac\libfaac\kiss_fft\kiss_fft.h">
      <Filter>Header Files\kiss_fft</Filter>
    </ClInclude>
    <ClInclude Include="..\..\faac\libfaac\kiss_fft\kiss_fftr.h">
      <Filter>Header Files\kiss_fft</Filter>
    </ClInclude>
  </ItemGroup>
  <ItemGroup>
    <ClCompile Include="..\..\faac\libfaac\aacquant.c">
      <Filter>Source Files</Filter>
    </ClCompile>
    <ClCompile Include="..\..\faac\libfaac\backpred.c">
      <Filter>Source Files</Filter>
    </ClCompile>
    <ClCompile Include="..\..\faac\libfaac\bitstream.c">
      <Filter>Source Files</Filter>
    </ClCompile>
    <ClCompile Include="..\..\faac\libfaac\channels.c">
      <Filter>Source Files</Filter>
    </ClCompile>
    <ClCompile Include="..\..\faac\libfaac\fft.c">
      <Filter>Source Files</Filter>
    </ClCompile>
    <ClCompile Include="..\..\faac\libfaac\filtbank.c">
      <Filter>Source Files</Filter>
    </ClCompile>
    <ClCompile Include="..\..\faac\libfaac\frame.c">
      <Filter>Source Files</Filter>
    </ClCompile>
    <ClCompile Include="..\..\faac\libfaac\huffman.c">
      <Filter>Source Files</Filter>
    </ClCompile>
    <ClCompile Include="..\..\faac\libfaac\ltp.c">
      <Filter>Source Files</Filter>
    </ClCompile>
    <ClCompile Include="..\..\faac\libfaac\midside.c">
      <Filter>Source Files</Filter>
    </ClCompile>
    <ClCompile Include="..\..\faac\libfaac\psychkni.c">
      <Filter>Source Files</Filter>
    </ClCompile>
    <ClCompile Include="..\..\faac\libfaac\tns.c">
      <Filter>Source Files</Filter>
    </ClCompile>
    <ClCompile Include="..\..\faac\libfaac\util.c">
      <Filter>Source Files</Filter>
    </ClCompile>
    <ClCompile Include="..\..\faac\libfaac\kiss_fft\kiss_fft.c">
      <Filter>Source Files\kiss_fft</Filter>
    </ClCompile>
    <ClCompile Include="..\..\faac\libfaac\kiss_fft\kiss_fftr.c">
      <Filter>Source Files\kiss_fft</Filter>
    </ClCompile>
  </ItemGroup>
</Project>